
Microsoft Visual Studio Solution File, Format Version 12.00
# Visual Studio Version 17
VisualStudioVersion = 17.0.31903.59
MinimumVisualStudioVersion = 10.0.40219.1
Project("{2150E333-8FDC-42A3-9474-1A3956D46DE8}") = "src", "src", "{827E0CD3-B72D-47B6-A68D-7590B98EB39B}"
EndProject
Project("{2150E333-8FDC-42A3-9474-1A3956D46DE8}") = "idle-sdk.core", "idle-sdk.core", "{6DDD8CF0-3906-4DA5-D5D3-79BBFD7B4926}"
EndProject
Project("{FAE04EC0-301F-11D3-BF4B-00C04F79EFBC}") = "IdleSdk.Core", "src\idle-sdk.core\IdleSdk.Core.csproj", "{FCC72ECF-109D-4121-984C-A73938786580}"
EndProject
Project("{2150E333-8FDC-42A3-9474-1A3956D46DE8}") = "tests", "tests", "{0AB3BF05-4346-4AA6-1389-037BE0695223}"
EndProject
Project("{2150E333-8FDC-42A3-9474-1A3956D46DE8}") = "idle-sdk.core.tests", "idle-sdk.core.tests", "{ECE4B4C0-2232-D479-E9BC-E138CEA95E4D}"
EndProject
Project("{FAE04EC0-301F-11D3-BF4B-00C04F79EFBC}") = "IdleSdk.Core.Tests", "tests\idle-sdk.core.tests\IdleSdk.Core.Tests.csproj", "{B667A345-3EC2-456B-A3E0-F4F76BAC7146}"
EndProject
Global
	GlobalSection(SolutionConfigurationPlatforms) = preSolution
		Debug|Any CPU = Debug|Any CPU
		Debug|x64 = Debug|x64
		Debug|x86 = Debug|x86
		Release|Any CPU = Release|Any CPU
		Release|x64 = Release|x64
		Release|x86 = Release|x86
	EndGlobalSection
	GlobalSection(ProjectConfigurationPlatforms) = postSolution
		{FCC72ECF-109D-4121-984C-A73938786580}.Debug|Any CPU.ActiveCfg = Debug|Any CPU
		{FCC72ECF-109D-4121-984C-A73938786580}.Debug|Any CPU.Build.0 = Debug|Any CPU
		{FCC72ECF-109D-4121-984C-A73938786580}.Debug|x64.ActiveCfg = Debug|Any CPU
		{FCC72ECF-109D-4121-984C-A73938786580}.Debug|x64.Build.0 = Debug|Any CPU
		{FCC72ECF-109D-4121-984C-A73938786580}.Debug|x86.ActiveCfg = Debug|Any CPU
		{FCC72ECF-109D-4121-984C-A73938786580}.Debug|x86.Build.0 = Debug|Any CPU
		{FCC72ECF-109D-4121-984C-A73938786580}.Release|Any CPU.ActiveCfg = Release|Any CPU
		{FCC72ECF-109D-4121-984C-A73938786580}.Release|Any CPU.Build.0 = Release|Any CPU
		{FCC72ECF-109D-4121-984C-A73938786580}.Release|x64.ActiveCfg = Release|Any CPU
		{FCC72ECF-109D-4121-984C-A73938786580}.Release|x64.Build.0 = Release|Any CPU
		{FCC72ECF-109D-4121-984C-A73938786580}.Release|x86.ActiveCfg = Release|Any CPU
		{FCC72ECF-109D-4121-984C-A73938786580}.Release|x86.Build.0 = Release|Any CPU
		{B667A345-3EC2-456B-A3E0-F4F76BAC7146}.Debug|Any CPU.ActiveCfg = Debug|Any CPU
		{B667A345-3EC2-456B-A3E0-F4F76BAC7146}.Debug|Any CPU.Build.0 = Debug|Any CPU
		{B667A345-3EC2-456B-A3E0-F4F76BAC7146}.Debug|x64.ActiveCfg = Debug|Any CPU
		{B667A345-3EC2-456B-A3E0-F4F76BAC7146}.Debug|x64.Build.0 = Debug|Any CPU
		{B667A345-3EC2-456B-A3E0-F4F76BAC7146}.Debug|x86.ActiveCfg = Debug|Any CPU
		{B667A345-3EC2-456B-A3E0-F4F76BAC7146}.Debug|x86.Build.0 = Debug|Any CPU
		{B667A345-3EC2-456B-A3E0-F4F76BAC7146}.Release|Any CPU.ActiveCfg = Release|Any CPU
		{B667A345-3EC2-456B-A3E0-F4F76BAC7146}.Release|Any CPU.Build.0 = Release|Any CPU
		{B667A345-3EC2-456B-A3E0-F4F76BAC7146}.Release|x64.ActiveCfg = Release|Any CPU
		{B667A345-3EC2-456B-A3E0-F4F76BAC7146}.Release|x64.Build.0 = Release|Any CPU
		{B667A345-3EC2-456B-A3E0-F4F76BAC7146}.Release|x86.ActiveCfg = Release|Any CPU
		{B667A345-3EC2-456B-A3E0-F4F76BAC7146}.Release|x86.Build.0 = Release|Any CPU
	EndGlobalSection
	GlobalSection(SolutionProperties) = preSolution
		HideSolutionNode = FALSE
	EndGlobalSection
	GlobalSection(NestedProjects) = preSolution
		{6DDD8CF0-3906-4DA5-D5D3-79BBFD7B4926} = {827E0CD3-B72D-47B6-A68D-7590B98EB39B}
		{FCC72ECF-109D-4121-984C-A73938786580} = {6DDD8CF0-3906-4DA5-D5D3-79BBFD7B4926}
		{ECE4B4C0-2232-D479-E9BC-E138CEA95E4D} = {0AB3BF05-4346-4AA6-1389-037BE0695223}
		{B667A345-3EC2-456B-A3E0-F4F76BAC7146} = {ECE4B4C0-2232-D479-E9BC-E138CEA95E4D}
	EndGlobalSection
EndGlobal
